
Microsoft Visual Studio Solution File, Format Version 12.00
# Visual Studio Version 17
VisualStudioVersion = 17.8.34511.84
MinimumVisualStudioVersion = 10.0.40219.1
Project("{9A19103F-16F7-4668-BE54-9A1E7A4F7556}") = "lovedmemory.infrastructure", "lovedmemory.infrastructure\lovedmemory.infrastructure.csproj", "{86780C98-A539-4EB0-9964-4EA39D2230A4}"
EndProject
Project("{9A19103F-16F7-4668-BE54-9A1E7A4F7556}") = "lovedmemory.domain", "lovedmemory.domain\lovedmemory.domain.csproj", "{EC5078F3-D01F-4C4B-B884-BE0D1C4E2357}"
EndProject
Project("{9A19103F-16F7-4668-BE54-9A1E7A4F7556}") = "lovedmemory.application", "lovedmemory.application\lovedmemory.application.csproj", "{00B4D417-4D99-481B-A8A4-117348471355}"
EndProject
Project("{9A19103F-16F7-4668-BE54-9A1E7A4F7556}") = "lovedmemory.web", "lovedmemory.web\lovedmemory.web.csproj", "{DE704733-1F8D-474C-9F66-EC1458320F61}"
EndProject
Project("{2150E333-8FDC-42A3-9474-1A3956D46DE8}") = "Solution Items", "Solution Items", "{31F37799-84E2-4099-8587-42C41EE9DCCE}"
	ProjectSection(SolutionItems) = preProject
		.editorconfig = .editorconfig
		Dockerfile = Dockerfile
		database\Dockerfile = database\Dockerfile
	EndProjectSection
EndProject
Project("{E53339B2-1760-4266-BCC7-CA923CBCF16C}") = "docker-compose", "docker-compose.dcproj", "{8C2C0881-58D3-4C98-B331-21924CEE049E}"
EndProject
Global
	GlobalSection(SolutionConfigurationPlatforms) = preSolution
		Debug|Any CPU = Debug|Any CPU
		Release|Any CPU = Release|Any CPU
	EndGlobalSection
	GlobalSection(ProjectConfigurationPlatforms) = postSolution
		{86780C98-A539-4EB0-9964-4EA39D2230A4}.Debug|Any CPU.ActiveCfg = Debug|Any CPU
		{86780C98-A539-4EB0-9964-4EA39D2230A4}.Debug|Any CPU.Build.0 = Debug|Any CPU
		{86780C98-A539-4EB0-9964-4EA39D2230A4}.Release|Any CPU.ActiveCfg = Release|Any CPU
		{86780C98-A539-4EB0-9964-4EA39D2230A4}.Release|Any CPU.Build.0 = Release|Any CPU
		{EC5078F3-D01F-4C4B-B884-BE0D1C4E2357}.Debug|Any CPU.ActiveCfg = Debug|Any CPU
		{EC5078F3-D01F-4C4B-B884-BE0D1C4E2357}.Debug|Any CPU.Build.0 = Debug|Any CPU
		{EC5078F3-D01F-4C4B-B884-BE0D1C4E2357}.Release|Any CPU.ActiveCfg = Release|Any CPU
		{EC5078F3-D01F-4C4B-B884-BE0D1C4E2357}.Release|Any CPU.Build.0 = Release|Any CPU
		{00B4D417-4D99-481B-A8A4-117348471355}.Debug|Any CPU.ActiveCfg = Debug|Any CPU
		{00B4D417-4D99-481B-A8A4-117348471355}.Debug|Any CPU.Build.0 = Debug|Any CPU
		{00B4D417-4D99-481B-A8A4-117348471355}.Release|Any CPU.ActiveCfg = Release|Any CPU
		{00B4D417-4D99-481B-A8A4-117348471355}.Release|Any CPU.Build.0 = Release|Any CPU
		{DE704733-1F8D-474C-9F66-EC1458320F61}.Debug|Any CPU.ActiveCfg = Debug|Any CPU
		{DE704733-1F8D-474C-9F66-EC1458320F61}.Debug|Any CPU.Build.0 = Debug|Any CPU
		{DE704733-1F8D-474C-9F66-EC1458320F61}.Release|Any CPU.ActiveCfg = Release|Any CPU
		{DE704733-1F8D-474C-9F66-EC1458320F61}.Release|Any CPU.Build.0 = Release|Any CPU
		{8C2C0881-58D3-4C98-B331-21924CEE049E}.Debug|Any CPU.ActiveCfg = Debug|Any CPU
		{8C2C0881-58D3-4C98-B331-21924CEE049E}.Release|Any CPU.ActiveCfg = Release|Any CPU
		{8C2C0881-58D3-4C98-B331-21924CEE049E}.Release|Any CPU.Build.0 = Release|Any CPU
	EndGlobalSection
	GlobalSection(SolutionProperties) = preSolution
		HideSolutionNode = FALSE
	EndGlobalSection
	GlobalSection(ExtensibilityGlobals) = postSolution
		SolutionGuid = {535FF790-8F85-4C66-A77A-42A73D442829}
	EndGlobalSection
EndGlobal
